
Microsoft Visual Studio Solution File, Format Version 12.00
# Visual Studio Version 16
VisualStudioVersion = 16.0.30413.136
MinimumVisualStudioVersion = 10.0.40219.1
Project("{FAE04EC0-301F-11D3-BF4B-00C04F79EFBC}") = "SoftwareDevelopConsole", "SoftwareDevelopConsole\SoftwareDevelopConsole.csproj", "{A3B68C22-BDE3-45FC-8F39-C26EC1B57FAA}"
EndProject
Global
	GlobalSection(SolutionConfigurationPlatforms) = preSolution
		Debug|Any CPU = Debug|Any CPU
		Release|Any CPU = Release|Any CPU
	EndGlobalSection
	GlobalSection(ProjectConfigurationPlatforms) = postSolution
		{A3B68C22-BDE3-45FC-8F39-C26EC1B57FAA}.Debug|Any CPU.ActiveCfg = Debug|Any CPU
		{A3B68C22-BDE3-45FC-8F39-C26EC1B57FAA}.Debug|Any CPU.Build.0 = Debug|Any CPU
		{A3B68C22-BDE3-45FC-8F39-C26EC1B57FAA}.Release|Any CPU.ActiveCfg = Release|Any CPU
		{A3B68C22-BDE3-45FC-8F39-C26EC1B57FAA}.Release|Any CPU.Build.0 = Release|Any CPU
	EndGlobalSection
	GlobalSection(SolutionProperties) = preSolution
		HideSolutionNode = FALSE
	EndGlobalSection
	GlobalSection(ExtensibilityGlobals) = postSolution
		SolutionGuid = {6CB4F9C8-43FE-4531-9D26-3B153FFE957F}
	EndGlobalSection
EndGlobal
